
Microsoft Visual Studio Solution File, Format Version 12.00
Project("{FAE04EC0-301F-11D3-BF4B-00C04F79EFBC}") = "SampleApp", "src\SampleApp\SampleApp.csproj", "{6F09EB14-435A-4435-9979-8EFE8C6C3F1F}"
EndProject
Project("{FAE04EC0-301F-11D3-BF4B-00C04F79EFBC}") = "RazorBladeGenerator", "src\Generator\RazorBladeGenerator.csproj", "{9CEEE57F-0355-40F2-B498-8F55BC7FCA48}"
EndProject
Global
	GlobalSection(SolutionConfigurationPlatforms) = preSolution
		Debug|Any CPU = Debug|Any CPU
		Release|Any CPU = Release|Any CPU
	EndGlobalSection
	GlobalSection(ProjectConfigurationPlatforms) = postSolution
		{6F09EB14-435A-4435-9979-8EFE8C6C3F1F}.Debug|Any CPU.ActiveCfg = Debug|Any CPU
		{6F09EB14-435A-4435-9979-8EFE8C6C3F1F}.Debug|Any CPU.Build.0 = Debug|Any CPU
		{6F09EB14-435A-4435-9979-8EFE8C6C3F1F}.Release|Any CPU.ActiveCfg = Release|Any CPU
		{6F09EB14-435A-4435-9979-8EFE8C6C3F1F}.Release|Any CPU.Build.0 = Release|Any CPU
		{9CEEE57F-0355-40F2-B498-8F55BC7FCA48}.Debug|Any CPU.ActiveCfg = Debug|Any CPU
		{9CEEE57F-0355-40F2-B498-8F55BC7FCA48}.Debug|Any CPU.Build.0 = Debug|Any CPU
		{9CEEE57F-0355-40F2-B498-8F55BC7FCA48}.Release|Any CPU.ActiveCfg = Release|Any CPU
		{9CEEE57F-0355-40F2-B498-8F55BC7FCA48}.Release|Any CPU.Build.0 = Release|Any CPU
	EndGlobalSection
EndGlobal
